// !$*UTF8*$!
{
	archiveVersion = 1;
	classes = {
	};
	objectVersion = 46;
	objects = {

/* Begin PBXBuildFile section */
		14329CBE1DFB068C00D2FE7C /* Modelo.xcdatamodeld in Sources */ = {isa = PBXBuildFile; fileRef = 14329CBC1DFB068C00D2FE7C /* Modelo.xcdatamodeld */; };
		14329CC01DFB06EE00D2FE7C /* Persona.swift in Sources */ = {isa = PBXBuildFile; fileRef = 14329CBF1DFB06EE00D2FE7C /* Persona.swift */; };
		14819B2E1DF898AF00D983B1 /* LoginViewController.swift in Sources */ = {isa = PBXBuildFile; fileRef = 14819B2D1DF898AF00D983B1 /* LoginViewController.swift */; };
		14819B311DF8B69200D983B1 /* UIImageViewExtension.swift in Sources */ = {isa = PBXBuildFile; fileRef = 14819B301DF8B69200D983B1 /* UIImageViewExtension.swift */; };
		148479EC1DF5FF4300DF03F5 /* FilaTableViewCell.swift in Sources */ = {isa = PBXBuildFile; fileRef = 148479EB1DF5FF4300DF03F5 /* FilaTableViewCell.swift */; };
		14C6D2BE1DF9EA2400FECC99 /* GoogleService-Info.plist in Resources */ = {isa = PBXBuildFile; fileRef = 14C6D2BD1DF9EA2400FECC99 /* GoogleService-Info.plist */; };
		14EE9F9B1DF71C6200DE0477 /* DetalleViewController.swift in Sources */ = {isa = PBXBuildFile; fileRef = 14EE9F9A1DF71C6200DE0477 /* DetalleViewController.swift */; };
		14FA24AD1DF739AB00120D74 /* AgregarViewController.swift in Sources */ = {isa = PBXBuildFile; fileRef = 14FA24AC1DF739AB00120D74 /* AgregarViewController.swift */; };
		14FB77FD1DF5F47A007C20CE /* AppDelegate.swift in Sources */ = {isa = PBXBuildFile; fileRef = 14FB77FC1DF5F47A007C20CE /* AppDelegate.swift */; };
		14FB77FF1DF5F47A007C20CE /* ViewController.swift in Sources */ = {isa = PBXBuildFile; fileRef = 14FB77FE1DF5F47A007C20CE /* ViewController.swift */; };
		14FB78021DF5F47A007C20CE /* Main.storyboard in Resources */ = {isa = PBXBuildFile; fileRef = 14FB78001DF5F47A007C20CE /* Main.storyboard */; };
		14FB78041DF5F47A007C20CE /* Assets.xcassets in Resources */ = {isa = PBXBuildFile; fileRef = 14FB78031DF5F47A007C20CE /* Assets.xcassets */; };
		14FB78071DF5F47A007C20CE /* LaunchScreen.storyboard in Resources */ = {isa = PBXBuildFile; fileRef = 14FB78051DF5F47A007C20CE /* LaunchScreen.storyboard */; };
		DA23B2AD3353F4E56BE851A6 /* Pods_AppDemo.framework in Frameworks */ = {isa = PBXBuildFile; fileRef = 80D8E3756F3116D7154ADBD7 /* Pods_AppDemo.framework */; };
/* End PBXBuildFile section */

/* Begin PBXFileReference section */
		14329CBD1DFB068C00D2FE7C /* Modelo.xcdatamodel */ = {isa = PBXFileReference; lastKnownFileType = wrapper.xcdatamodel; path = Modelo.xcdatamodel; sourceTree = "<group>"; };
		14329CBF1DFB06EE00D2FE7C /* Persona.swift */ = {isa = PBXFileReference; fileEncoding = 4; lastKnownFileType = sourcecode.swift; path = Persona.swift; sourceTree = "<group>"; };
		14819B2D1DF898AF00D983B1 /* LoginViewController.swift */ = {isa = PBXFileReference; fileEncoding = 4; lastKnownFileType = sourcecode.swift; path = LoginViewController.swift; sourceTree = "<group>"; };
		14819B2F1DF8AB7900D983B1 /* MyPlayground.playground */ = {isa = PBXFileReference; lastKnownFileType = file.playground; name = MyPlayground.playground; path = ../MyPlayground.playground; sourceTree = "<group>"; };
		14819B301DF8B69200D983B1 /* UIImageViewExtension.swift */ = {isa = PBXFileReference; fileEncoding = 4; lastKnownFileType = sourcecode.swift; path = UIImageViewExtension.swift; sourceTree = "<group>"; };
		148479EB1DF5FF4300DF03F5 /* FilaTableViewCell.swift */ = {isa = PBXFileReference; fileEncoding = 4; lastKnownFileType = sourcecode.swift; name = FilaTableViewCell.swift; path = ../FilaTableViewCell.swift; sourceTree = "<group>"; };
		14C6D2BD1DF9EA2400FECC99 /* GoogleService-Info.plist */ = {isa = PBXFileReference; fileEncoding = 4; lastKnownFileType = text.plist.xml; path = "GoogleService-Info.plist"; sourceTree = "<group>"; };
		14EE9F9A1DF71C6200DE0477 /* DetalleViewController.swift */ = {isa = PBXFileReference; fileEncoding = 4; lastKnownFileType = sourcecode.swift; path = DetalleViewController.swift; sourceTree = "<group>"; };
		14FA24AC1DF739AB00120D74 /* AgregarViewController.swift */ = {isa = PBXFileReference; fileEncoding = 4; lastKnownFileType = sourcecode.swift; path = AgregarViewController.swift; sourceTree = "<group>"; };
		14FB77F91DF5F47A007C20CE /* AppDemo.app */ = {isa = PBXFileReference; explicitFileType = wrapper.application; includeInIndex = 0; path = AppDemo.app; sourceTree = BUILT_PRODUCTS_DIR; };
		14FB77FC1DF5F47A007C20CE /* AppDelegate.swift */ = {isa = PBXFileReference; lastKnownFileType = sourcecode.swift; path = AppDelegate.swift; sourceTree = "<group>"; };
		14FB77FE1DF5F47A007C20CE /* ViewController.swift */ = {isa = PBXFileReference; lastKnownFileType = sourcecode.swift; path = ViewController.swift; sourceTree = "<group>"; };
		14FB78011DF5F47A007C20CE /* Base */ = {isa = PBXFileReference; lastKnownFileType = file.storyboard; name = Base; path = Base.lproj/Main.storyboard; sourceTree = "<group>"; };
		14FB78031DF5F47A007C20CE /* Assets.xcassets */ = {isa = PBXFileReference; lastKnownFileType = folder.assetcatalog; path = Assets.xcassets; sourceTree = "<group>"; };
		14FB78061DF5F47A007C20CE /* Base */ = {isa = PBXFileReference; lastKnownFileType = file.storyboard; name = Base; path = Base.lproj/LaunchScreen.storyboard; sourceTree = "<group>"; };
		14FB78081DF5F47A007C20CE /* Info.plist */ = {isa = PBXFileReference; lastKnownFileType = text.plist.xml; path = Info.plist; sourceTree = "<group>"; };
		80D8E3756F3116D7154ADBD7 /* Pods_AppDemo.framework */ = {isa = PBXFileReference; explicitFileType = wrapper.framework; includeInIndex = 0; path = Pods_AppDemo.framework; sourceTree = BUILT_PRODUCTS_DIR; };
		C27F8379D8574DB68EA772A9 /* Pods-AppDemo.release.xcconfig */ = {isa = PBXFileReference; includeInIndex = 1; lastKnownFileType = text.xcconfig; name = "Pods-AppDemo.release.xcconfig"; path = "Pods/Target Support Files/Pods-AppDemo/Pods-AppDemo.release.xcconfig"; sourceTree = "<group>"; };
		D3D53F831B1153131CB0D6A1 /* Pods-AppDemo.debug.xcconfig */ = {isa = PBXFileReference; includeInIndex = 1; lastKnownFileType = text.xcconfig; name = "Pods-AppDemo.debug.xcconfig"; path = "Pods/Target Support Files/Pods-AppDemo/Pods-AppDemo.debug.xcconfig"; sourceTree = "<group>"; };
/* End PBXFileReference section */

/* Begin PBXFrameworksBuildPhase section */
		14FB77F61DF5F479007C20CE /* Frameworks */ = {
			isa = PBXFrameworksBuildPhase;
			buildActionMask = 2147483647;
			files = (
				DA23B2AD3353F4E56BE851A6 /* Pods_AppDemo.framework in Frameworks */,
			);
			runOnlyForDeploymentPostprocessing = 0;
		};
/* End PBXFrameworksBuildPhase section */

/* Begin PBXGroup section */
		14329CC11DFB088A00D2FE7C /* Modelo */ = {
			isa = PBXGroup;
			children = (
				14329CBF1DFB06EE00D2FE7C /* Persona.swift */,
			);
			name = Modelo;
			sourceTree = "<group>";
		};
		14FB77F01DF5F479007C20CE = {
			isa = PBXGroup;
			children = (
				14FB77FB1DF5F47A007C20CE /* AppDemo */,
				14FB77FA1DF5F47A007C20CE /* Products */,
				D48D442B5265D53FCC540501 /* Pods */,
				7ED4E6AF19BF22FB92AF575C /* Frameworks */,
			);
			sourceTree = "<group>";
		};
		14FB77FA1DF5F47A007C20CE /* Products */ = {
			isa = PBXGroup;
			children = (
				14FB77F91DF5F47A007C20CE /* AppDemo.app */,
			);
			name = Products;
			sourceTree = "<group>";
		};
		14FB77FB1DF5F47A007C20CE /* AppDemo */ = {
			isa = PBXGroup;
			children = (
				14329CC11DFB088A00D2FE7C /* Modelo */,
				14819B2F1DF8AB7900D983B1 /* MyPlayground.playground */,
				148479EB1DF5FF4300DF03F5 /* FilaTableViewCell.swift */,
				14FB77FC1DF5F47A007C20CE /* AppDelegate.swift */,
				14FB77FE1DF5F47A007C20CE /* ViewController.swift */,
				14FB78001DF5F47A007C20CE /* Main.storyboard */,
				14FB78031DF5F47A007C20CE /* Assets.xcassets */,
				14FB78051DF5F47A007C20CE /* LaunchScreen.storyboard */,
				14FB78081DF5F47A007C20CE /* Info.plist */,
				14EE9F9A1DF71C6200DE0477 /* DetalleViewController.swift */,
				14FA24AC1DF739AB00120D74 /* AgregarViewController.swift */,
				14819B2D1DF898AF00D983B1 /* LoginViewController.swift */,
				14819B301DF8B69200D983B1 /* UIImageViewExtension.swift */,
				14C6D2BD1DF9EA2400FECC99 /* GoogleService-Info.plist */,
				14329CBC1DFB068C00D2FE7C /* Modelo.xcdatamodeld */,
			);
			path = AppDemo;
			sourceTree = "<group>";
		};
		7ED4E6AF19BF22FB92AF575C /* Frameworks */ = {
			isa = PBXGroup;
			children = (
				80D8E3756F3116D7154ADBD7 /* Pods_AppDemo.framework */,
			);
			name = Frameworks;
			sourceTree = "<group>";
		};
		D48D442B5265D53FCC540501 /* Pods */ = {
			isa = PBXGroup;
			children = (
				D3D53F831B1153131CB0D6A1 /* Pods-AppDemo.debug.xcconfig */,
				C27F8379D8574DB68EA772A9 /* Pods-AppDemo.release.xcconfig */,
			);
			name = Pods;
			sourceTree = "<group>";
		};
/* End PBXGroup section */

/* Begin PBXNativeTarget section */
		14FB77F81DF5F479007C20CE /* AppDemo */ = {
			isa = PBXNativeTarget;
			buildConfigurationList = 14FB780B1DF5F47A007C20CE /* Build configuration list for PBXNativeTarget "AppDemo" */;
			buildPhases = (
				01B8B855FF0882C20275577A /* [CP] Check Pods Manifest.lock */,
				14FB77F51DF5F479007C20CE /* Sources */,
				14FB77F61DF5F479007C20CE /* Frameworks */,
				14FB77F71DF5F479007C20CE /* Resources */,
				F7ACBCA510BEFBA30BB13B1A /* [CP] Embed Pods Frameworks */,
				C75A02BF20907079074B7BAA /* [CP] Copy Pods Resources */,
			);
			buildRules = (
			);
			dependencies = (
			);
			name = AppDemo;
			productName = AppDemo;
			productReference = 14FB77F91DF5F47A007C20CE /* AppDemo.app */;
			productType = "com.apple.product-type.application";
		};
/* End PBXNativeTarget section */

/* Begin PBXProject section */
		14FB77F11DF5F479007C20CE /* Project object */ = {
			isa = PBXProject;
			attributes = {
				LastSwiftUpdateCheck = 0810;
				LastUpgradeCheck = 0810;
				ORGANIZATIONNAME = AdminUTMVHSA;
				TargetAttributes = {
					14FB77F81DF5F479007C20CE = {
						CreatedOnToolsVersion = 8.1;
						ProvisioningStyle = Automatic;
					};
				};
			};
			buildConfigurationList = 14FB77F41DF5F479007C20CE /* Build configuration list for PBXProject "AppDemo" */;
			compatibilityVersion = "Xcode 3.2";
			developmentRegion = English;
			hasScannedForEncodings = 0;
			knownRegions = (
				en,
				Base,
			);
			mainGroup = 14FB77F01DF5F479007C20CE;
			productRefGroup = 14FB77FA1DF5F47A007C20CE /* Products */;
			projectDirPath = "";
			projectRoot = "";
			targets = (
				14FB77F81DF5F479007C20CE /* AppDemo */,
			);
		};
/* End PBXProject section */

/* Begin PBXResourcesBuildPhase section */
		14FB77F71DF5F479007C20CE /* Resources */ = {
			isa = PBXResourcesBuildPhase;
			buildActionMask = 2147483647;
			files = (
				14FB78071DF5F47A007C20CE /* LaunchScreen.storyboard in Resources */,
				14C6D2BE1DF9EA2400FECC99 /* GoogleService-Info.plist in Resources */,
				14FB78041DF5F47A007C20CE /* Assets.xcassets in Resources */,
				14FB78021DF5F47A007C20CE /* Main.storyboard in Resources */,
			);
			runOnlyForDeploymentPostprocessing = 0;
		};
/* End PBXResourcesBuildPhase section */

/* Begin PBXShellScriptBuildPhase section */
		01B8B855FF0882C20275577A /* [CP] Check Pods Manifest.lock */ = {
			isa = PBXShellScriptBuildPhase;
			buildActionMask = 2147483647;
			files = (
			);
			inputPaths = (
			);
			name = "[CP] Check Pods Manifest.lock";
			outputPaths = (
			);
			runOnlyForDeploymentPostprocessing = 0;
			shellPath = /bin/sh;
			shellScript = "diff \"${PODS_ROOT}/../Podfile.lock\" \"${PODS_ROOT}/Manifest.lock\" > /dev/null\nif [ $? != 0 ] ; then\n    # print error to STDERR\n    echo \"error: The sandbox is not in sync with the Podfile.lock. Run 'pod install' or update your CocoaPods installation.\" >&2\n    exit 1\nfi\n";
			showEnvVarsInLog = 0;
		};
		C75A02BF20907079074B7BAA /* [CP] Copy Pods Resources */ = {
			isa = PBXShellScriptBuildPhase;
			buildActionMask = 2147483647;
			files = (
			);
			inputPaths = (
			);
			name = "[CP] Copy Pods Resources";
			outputPaths = (
			);
			runOnlyForDeploymentPostprocessing = 0;
			shellPath = /bin/sh;
			shellScript = "\"${SRCROOT}/Pods/Target Support Files/Pods-AppDemo/Pods-AppDemo-resources.sh\"\n";
			showEnvVarsInLog = 0;
		};
		F7ACBCA510BEFBA30BB13B1A /* [CP] Embed Pods Frameworks */ = {
			isa = PBXShellScriptBuildPhase;
			buildActionMask = 2147483647;
			files = (
			);
			inputPaths = (
			);
			name = "[CP] Embed Pods Frameworks";
			outputPaths = (
			);
			runOnlyForDeploymentPostprocessing = 0;
			shellPath = /bin/sh;
			shellScript = "\"${SRCROOT}/Pods/Target Support Files/Pods-AppDemo/Pods-AppDemo-frameworks.sh\"\n";
			showEnvVarsInLog = 0;
		};
/* End PBXShellScriptBuildPhase section */

/* Begin PBXSourcesBuildPhase section */
		14FB77F51DF5F479007C20CE /* Sources */ = {
			isa = PBXSourcesBuildPhase;
			buildActionMask = 2147483647;
			files = (
				14819B2E1DF898AF00D983B1 /* LoginViewController.swift in Sources */,
				14819B311DF8B69200D983B1 /* UIImageViewExtension.swift in Sources */,
				14EE9F9B1DF71C6200DE0477 /* DetalleViewController.swift in Sources */,
				14329CC01DFB06EE00D2FE7C /* Persona.swift in Sources */,
				14329CBE1DFB068C00D2FE7C /* Modelo.xcdatamodeld in Sources */,
				14FB77FF1DF5F47A007C20CE /* ViewController.swift in Sources */,
				14FB77FD1DF5F47A007C20CE /* AppDelegate.swift in Sources */,
				148479EC1DF5FF4300DF03F5 /* FilaTableViewCell.swift in Sources */,
				14FA24AD1DF739AB00120D74 /* AgregarViewController.swift in Sources */,
			);
			runOnlyForDeploymentPostprocessing = 0;
		};
/* End PBXSourcesBuildPhase section */

/* Begin PBXVariantGroup section */
		14FB78001DF5F47A007C20CE /* Main.storyboard */ = {
			isa = PBXVariantGroup;
			children = (
				14FB78011DF5F47A007C20CE /* Base */,
			);
			name = Main.storyboard;
			sourceTree = "<group>";
		};
		14FB78051DF5F47A007C20CE /* LaunchScreen.storyboard */ = {
			isa = PBXVariantGroup;
			children = (
				14FB78061DF5F47A007C20CE /* Base */,
			);
			name = LaunchScreen.storyboard;
			sourceTree = "<group>";
		};
/* End PBXVariantGroup section */

/* Begin XCBuildConfiguration section */
		14FB78091DF5F47A007C20CE /* Debug */ = {
			isa = XCBuildConfiguration;
			buildSettings = {
				ALWAYS_SEARCH_USER_PATHS = NO;
				CLANG_ANALYZER_NONNULL = YES;
				CLANG_CXX_LANGUAGE_STANDARD = "gnu++0x";
				CLANG_CXX_LIBRARY = "libc++";
				CLANG_ENABLE_MODULES = YES;
				CLANG_ENABLE_OBJC_ARC = YES;
				CLANG_WARN_BOOL_CONVERSION = YES;
				CLANG_WARN_CONSTANT_CONVERSION = YES;
				CLANG_WARN_DIRECT_OBJC_ISA_USAGE = YES_ERROR;
				CLANG_WARN_DOCUMENTATION_COMMENTS = YES;
				CLANG_WARN_EMPTY_BODY = YES;
				CLANG_WARN_ENUM_CONVERSION = YES;
				CLANG_WARN_INFINITE_RECURSION = YES;
				CLANG_WARN_INT_CONVERSION = YES;
				CLANG_WARN_OBJC_ROOT_CLASS = YES_ERROR;
				CLANG_WARN_SUSPICIOUS_MOVES = YES;
				CLANG_WARN_UNREACHABLE_CODE = YES;
				CLANG_WARN__DUPLICATE_METHOD_MATCH = YES;
				"CODE_SIGN_IDENTITY[sdk=iphoneos*]" = "iPhone Developer";
				COPY_PHASE_STRIP = NO;
				DEBUG_INFORMATION_FORMAT = dwarf;
				ENABLE_STRICT_OBJC_MSGSEND = YES;
				ENABLE_TESTABILITY = YES;
				GCC_C_LANGUAGE_STANDARD = gnu99;
				GCC_DYNAMIC_NO_PIC = NO;
				GCC_NO_COMMON_BLOCKS = YES;
				GCC_OPTIMIZATION_LEVEL = 0;
				GCC_PREPROCESSOR_DEFINITIONS = (
					"DEBUG=1",
					"$(inherited)",
				);
				GCC_WARN_64_TO_32_BIT_CONVERSION = YES;
				GCC_WARN_ABOUT_RETURN_TYPE = YES_ERROR;
				GCC_WARN_UNDECLARED_SELECTOR = YES;
				GCC_WARN_UNINITIALIZED_AUTOS = YES_AGGRESSIVE;
				GCC_WARN_UNUSED_FUNCTION = YES;
				GCC_WARN_UNUSED_VARIABLE = YES;
				IPHONEOS_DEPLOYMENT_TARGET = 10.1;
				MTL_ENABLE_DEBUG_INFO = YES;
				ONLY_ACTIVE_ARCH = YES;
				SDKROOT = iphoneos;
				SWIFT_ACTIVE_COMPILATION_CONDITIONS = DEBUG;
				SWIFT_OPTIMIZATION_LEVEL = "-Onone";
				TARGETED_DEVICE_FAMILY = "1,2";
			};
			name = Debug;
		};
		14FB780A1DF5F47A007C20CE /* Release */ = {
			isa = XCBuildConfiguration;
			buildSettings = {
				ALWAYS_SEARCH_USER_PATHS = NO;
				CLANG_ANALYZER_NONNULL = YES;
				CLANG_CXX_LANGUAGE_STANDARD = "gnu++0x";
				CLANG_CXX_LIBRARY = "libc++";
				CLANG_ENABLE_MODULES = YES;
				CLANG_ENABLE_OBJC_ARC = YES;
				CLANG_WARN_BOOL_CONVERSION = YES;
				CLANG_WARN_CONSTANT_CONVERSION = YES;
				CLANG_WARN_DIRECT_OBJC_ISA_USAGE = YES_ERROR;
				CLANG_WARN_DOCUMENTATION_COMMENTS = YES;
				CLANG_WARN_EMPTY_BODY = YES;
				CLANG_WARN_ENUM_CONVERSION = YES;
				CLANG_WARN_INFINITE_RECURSION = YES;
				CLANG_WARN_INT_CONVERSION = YES;
				CLANG_WARN_OBJC_ROOT_CLASS = YES_ERROR;
				CLANG_WARN_SUSPICIOUS_MOVES = YES;
				CLANG_WARN_UNREACHABLE_CODE = YES;
				CLANG_WARN__DUPLICATE_METHOD_MATCH = YES;
				"CODE_SIGN_IDENTITY[sdk=iphoneos*]" = "iPhone Developer";
				COPY_PHASE_STRIP = NO;
				DEBUG_INFORMATION_FORMAT = "dwarf-with-dsym";
				ENABLE_NS_ASSERTIONS = NO;
				ENABLE_STRICT_OBJC_MSGSEND = YES;
				GCC_C_LANGUAGE_STANDARD = gnu99;
				GCC_NO_COMMON_BLOCKS = YES;
				GCC_WARN_64_TO_32_BIT_CONVERSION = YES;
				GCC_WARN_ABOUT_RETURN_TYPE = YES_ERROR;
				GCC_WARN_UNDECLARED_SELECTOR = YES;
				GCC_WARN_UNINITIALIZED_AUTOS = YES_AGGRESSIVE;
				GCC_WARN_UNUSED_FUNCTION = YES;
				GCC_WARN_UNUSED_VARIABLE = YES;
				IPHONEOS_DEPLOYMENT_TARGET = 10.1;
				MTL_ENABLE_DEBUG_INFO = NO;
				SDKROOT = iphoneos;
				SWIFT_OPTIMIZATION_LEVEL = "-Owholemodule";
				TARGETED_DEVICE_FAMILY = "1,2";
				VALIDATE_PRODUCT = YES;
			};
			name = Release;
		};
		14FB780C1DF5F47A007C20CE /* Debug */ = {
			isa = XCBuildConfiguration;
			baseConfigurationReference = D3D53F831B1153131CB0D6A1 /* Pods-AppDemo.debug.xcconfig */;
			buildSettings = {
				ASSETCATALOG_COMPILER_APPICON_NAME = AppIcon;
				INFOPLIST_FILE = AppDemo/Info.plist;
				LD_RUNPATH_SEARCH_PATHS = "$(inherited) @executable_path/Frameworks";
				PRODUCT_BUNDLE_IDENTIFIER = com.ios.AppDemo;
				PRODUCT_NAME = "$(TARGET_NAME)";
				SWIFT_VERSION = 3.0;
			};
			name = Debug;
		};
		14FB780D1DF5F47A007C20CE /* Release */ = {
			isa = XCBuildConfiguration;
			baseConfigurationReference = C27F8379D8574DB68EA772A9 /* Pods-AppDemo.release.xcconfig */;
			buildSettings = {
				ASSETCATALOG_COMPILER_APPICON_NAME = AppIcon;
				INFOPLIST_FILE = AppDemo/Info.plist;
				LD_RUNPATH_SEARCH_PATHS = "$(inherited) @executable_path/Frameworks";
				PRODUCT_BUNDLE_IDENTIFIER = com.ios.AppDemo;
				PRODUCT_NAME = "$(TARGET_NAME)";
				SWIFT_VERSION = 3.0;
			};
			name = Release;
		};
/* End XCBuildConfiguration section */

/* Begin XCConfigurationList section */
		14FB77F41DF5F479007C20CE /* Build configuration list for PBXProject "AppDemo" */ = {
			isa = XCConfigurationList;
			buildConfigurations = (
				14FB78091DF5F47A007C20CE /* Debug */,
				14FB780A1DF5F47A007C20CE /* Release */,
			);
			defaultConfigurationIsVisible = 0;
			defaultConfigurationName = Release;
		};
		14FB780B1DF5F47A007C20CE /* Build configuration list for PBXNativeTarget "AppDemo" */ = {
			isa = XCConfigurationList;
			buildConfigurations = (
				14FB780C1DF5F47A007C20CE /* Debug */,
				14FB780D1DF5F47A007C20CE /* Release */,
			);
			defaultConfigurationIsVisible = 0;
			defaultConfigurationName = Release;
		};
/* End XCConfigurationList section */

/* Begin XCVersionGroup section */
		14329CBC1DFB068C00D2FE7C /* Modelo.xcdatamodeld */ = {
			isa = XCVersionGroup;
			children = (
				14329CBD1DFB068C00D2FE7C /* Modelo.xcdatamodel */,
			);
			currentVersion = 14329CBD1DFB068C00D2FE7C /* Modelo.xcdatamodel */;
			path = Modelo.xcdatamodeld;
			sourceTree = "<group>";
			versionGroupType = wrapper.xcdatamodel;
		};
/* End XCVersionGroup section */
	};
	rootObject = 14FB77F11DF5F479007C20CE /* Project object */;
}
